{
  "name": "@hyperledger/vcx-napi-rs",
  "lockfileVersion": 2,
  "requires": true,
  "packages": {
    "": {
      "name": "@hyperledger/vcx-napi-rs",
      "license": "Apache-2.0",
      "devDependencies": {
        "@napi-rs/cli": "^2.9.1",
        "@types/node": "^18.11.18",
        "typescript": "^4.8.4"
      },
      "optionalDependencies": {
        "@hyperledger/vcx-napi-rs-darwin-arm64": "undefined",
        "@hyperledger/vcx-napi-rs-darwin-x64": "undefined",
        "@hyperledger/vcx-napi-rs-linux-x64-gnu": "undefined",
        "@hyperledger/vcx-napi-rs-linux-x64-musl": "undefined"
      }
    },
    "node_modules/@napi-rs/cli": {
      "version": "2.14.6",
      "resolved": "https://registry.npmjs.org/@napi-rs/cli/-/cli-2.14.6.tgz",
      "integrity": "sha512-q63+fI0JB9LV3RDYQN7yyAzmWDrErz+5ZMM1EyB5RA7ZwTTRYvXxg204w9+xTuZnpQfSyLMxxKGz2mfDVqFing==",
      "dev": true,
      "bin": {
        "napi": "scripts/index.js"
      },
      "engines": {
        "node": ">= 10"
      },
      "funding": {
        "type": "github",
        "url": "https://github.com/sponsors/Brooooooklyn"
      }
    },
    "node_modules/@types/node": {
      "version": "18.13.0",
      "resolved": "https://registry.npmjs.org/@types/node/-/node-18.13.0.tgz",
      "integrity": "sha512-gC3TazRzGoOnoKAhUx+Q0t8S9Tzs74z7m0ipwGpSqQrleP14hKxP4/JUeEQcD3W1/aIpnWl8pHowI7WokuZpXg==",
      "dev": true
    },
    "node_modules/typescript": {
      "version": "4.9.5",
      "resolved": "https://registry.npmjs.org/typescript/-/typescript-4.9.5.tgz",
      "integrity": "sha512-1FXk9E2Hm+QzZQ7z+McJiHL4NW1F2EzMu9Nq9i3zAaGqibafqYwCVU6WyWAuyQRRzOlxou8xZSyXLEN8oKj24g==",
      "dev": true,
      "bin": {
        "tsc": "bin/tsc",
        "tsserver": "bin/tsserver"
      },
      "engines": {
        "node": ">=4.2.0"
      }
    }
  },
  "dependencies": {
    "@napi-rs/cli": {
      "version": "2.14.6",
      "resolved": "https://registry.npmjs.org/@napi-rs/cli/-/cli-2.14.6.tgz",
      "integrity": "sha512-q63+fI0JB9LV3RDYQN7yyAzmWDrErz+5ZMM1EyB5RA7ZwTTRYvXxg204w9+xTuZnpQfSyLMxxKGz2mfDVqFing==",
      "dev": true
    },
    "@types/node": {
      "version": "18.13.0",
      "resolved": "https://registry.npmjs.org/@types/node/-/node-18.13.0.tgz",
      "integrity": "sha512-gC3TazRzGoOnoKAhUx+Q0t8S9Tzs74z7m0ipwGpSqQrleP14hKxP4/JUeEQcD3W1/aIpnWl8pHowI7WokuZpXg==",
      "dev": true
    },
    "typescript": {
      "version": "4.9.5",
      "resolved": "https://registry.npmjs.org/typescript/-/typescript-4.9.5.tgz",
      "integrity": "sha512-1FXk9E2Hm+QzZQ7z+McJiHL4NW1F2EzMu9Nq9i3zAaGqibafqYwCVU6WyWAuyQRRzOlxou8xZSyXLEN8oKj24g==",
      "dev": true
    }
  }
}
